
Microsoft Visual Studio Solution File, Format Version 12.00
# Visual Studio 2012
Project("{FAE04EC0-301F-11D3-BF4B-00C04F79EFBC}") = "AutomationFramework", "AutomationFramework\AutomationFramework.csproj", "{ADC23C94-60CE-4907-8FCD-F7BB0F106B48}"
EndProject
Project("{FAE04EC0-301F-11D3-BF4B-00C04F79EFBC}") = "OpenCartTests", "tests\OpenCartTests.csproj", "{65A6FCF6-B4DF-4F96-AE8E-DD8530C0369A}"
EndProject
Project("{2150E333-8FDC-42A3-9474-1A3956D46DE8}") = "src", "src", "{53D75573-1C54-45FA-A9D8-94F86F3A1706}"
EndProject
Project("{2150E333-8FDC-42A3-9474-1A3956D46DE8}") = "tests", "tests", "{7052E297-09CD-4D66-B608-A0BDB378ECA3}"
EndProject
Project("{2150E333-8FDC-42A3-9474-1A3956D46DE8}") = ".nuget", ".nuget", "{5395AC2C-0067-4D12-9033-0477C110A343}"
	ProjectSection(SolutionItems) = preProject
		.nuget\NuGet.Config = .nuget\NuGet.Config
		.nuget\NuGet.exe = .nuget\NuGet.exe
		.nuget\NuGet.targets = .nuget\NuGet.targets
	EndProjectSection
EndProject
Global
	GlobalSection(SolutionConfigurationPlatforms) = preSolution
		Debug|Any CPU = Debug|Any CPU
		Release|Any CPU = Release|Any CPU
	EndGlobalSection
	GlobalSection(ProjectConfigurationPlatforms) = postSolution
		{ADC23C94-60CE-4907-8FCD-F7BB0F106B48}.Debug|Any CPU.ActiveCfg = Debug|Any CPU
		{ADC23C94-60CE-4907-8FCD-F7BB0F106B48}.Debug|Any CPU.Build.0 = Debug|Any CPU
		{ADC23C94-60CE-4907-8FCD-F7BB0F106B48}.Release|Any CPU.ActiveCfg = Release|Any CPU
		{ADC23C94-60CE-4907-8FCD-F7BB0F106B48}.Release|Any CPU.Build.0 = Release|Any CPU
		{65A6FCF6-B4DF-4F96-AE8E-DD8530C0369A}.Debug|Any CPU.ActiveCfg = Debug|Any CPU
		{65A6FCF6-B4DF-4F96-AE8E-DD8530C0369A}.Debug|Any CPU.Build.0 = Debug|Any CPU
		{65A6FCF6-B4DF-4F96-AE8E-DD8530C0369A}.Release|Any CPU.ActiveCfg = Release|Any CPU
		{65A6FCF6-B4DF-4F96-AE8E-DD8530C0369A}.Release|Any CPU.Build.0 = Release|Any CPU
	EndGlobalSection
	GlobalSection(SolutionProperties) = preSolution
		HideSolutionNode = FALSE
	EndGlobalSection
	GlobalSection(NestedProjects) = preSolution
		{ADC23C94-60CE-4907-8FCD-F7BB0F106B48} = {53D75573-1C54-45FA-A9D8-94F86F3A1706}
		{65A6FCF6-B4DF-4F96-AE8E-DD8530C0369A} = {7052E297-09CD-4D66-B608-A0BDB378ECA3}
	EndGlobalSection
EndGlobal
